
Microsoft Visual Studio Solution File, Format Version 12.00
# Visual Studio Version 17
VisualStudioVersion = 17.11.35222.181
MinimumVisualStudioVersion = 10.0.40219.1
Project("{9A19103F-16F7-4668-BE54-9A1E7A4F7556}") = "BulkyWeb", "BulkyWeb\BulkyWeb.csproj", "{968E7136-6324-4A58-9202-98B8EA4B6C42}"
EndProject
Project("{FAE04EC0-301F-11D3-BF4B-00C04F79EFBC}") = "Bulky.DataAccess", "Bulky.DataAccess\Bulky.DataAccess.csproj", "{AC19F5DA-E369-4FFE-A6BB-D97A566FDC3D}"
EndProject
Project("{FAE04EC0-301F-11D3-BF4B-00C04F79EFBC}") = "Bulky.Models", "Bulky.Models\Bulky.Models.csproj", "{D0FE2EA5-D85B-497E-87D0-13C71EA4A239}"
EndProject
Project("{FAE04EC0-301F-11D3-BF4B-00C04F79EFBC}") = "Bulky.Utility", "Bulky.Utility\Bulky.Utility.csproj", "{39479E6B-B15D-4727-A460-17338C944854}"
EndProject
Global
	GlobalSection(SolutionConfigurationPlatforms) = preSolution
		Debug|Any CPU = Debug|Any CPU
		Release|Any CPU = Release|Any CPU
	EndGlobalSection
	GlobalSection(ProjectConfigurationPlatforms) = postSolution
		{968E7136-6324-4A58-9202-98B8EA4B6C42}.Debug|Any CPU.ActiveCfg = Debug|Any CPU
		{968E7136-6324-4A58-9202-98B8EA4B6C42}.Debug|Any CPU.Build.0 = Debug|Any CPU
		{968E7136-6324-4A58-9202-98B8EA4B6C42}.Release|Any CPU.ActiveCfg = Release|Any CPU
		{968E7136-6324-4A58-9202-98B8EA4B6C42}.Release|Any CPU.Build.0 = Release|Any CPU
		{AC19F5DA-E369-4FFE-A6BB-D97A566FDC3D}.Debug|Any CPU.ActiveCfg = Debug|Any CPU
		{AC19F5DA-E369-4FFE-A6BB-D97A566FDC3D}.Debug|Any CPU.Build.0 = Debug|Any CPU
		{AC19F5DA-E369-4FFE-A6BB-D97A566FDC3D}.Release|Any CPU.ActiveCfg = Release|Any CPU
		{AC19F5DA-E369-4FFE-A6BB-D97A566FDC3D}.Release|Any CPU.Build.0 = Release|Any CPU
		{D0FE2EA5-D85B-497E-87D0-13C71EA4A239}.Debug|Any CPU.ActiveCfg = Debug|Any CPU
		{D0FE2EA5-D85B-497E-87D0-13C71EA4A239}.Debug|Any CPU.Build.0 = Debug|Any CPU
		{D0FE2EA5-D85B-497E-87D0-13C71EA4A239}.Release|Any CPU.ActiveCfg = Release|Any CPU
		{D0FE2EA5-D85B-497E-87D0-13C71EA4A239}.Release|Any CPU.Build.0 = Release|Any CPU
		{39479E6B-B15D-4727-A460-17338C944854}.Debug|Any CPU.ActiveCfg = Debug|Any CPU
		{39479E6B-B15D-4727-A460-17338C944854}.Debug|Any CPU.Build.0 = Debug|Any CPU
		{39479E6B-B15D-4727-A460-17338C944854}.Release|Any CPU.ActiveCfg = Release|Any CPU
		{39479E6B-B15D-4727-A460-17338C944854}.Release|Any CPU.Build.0 = Release|Any CPU
	EndGlobalSection
	GlobalSection(SolutionProperties) = preSolution
		HideSolutionNode = FALSE
	EndGlobalSection
	GlobalSection(ExtensibilityGlobals) = postSolution
		SolutionGuid = {1C368CE5-C530-4D8D-AE11-F02AE2670C67}
	EndGlobalSection
EndGlobal
